
Microsoft Visual Studio Solution File, Format Version 12.00
# Visual Studio Version 16
VisualStudioVersion = 16.0.30611.23
MinimumVisualStudioVersion = 10.0.40219.1
Project("{9A19103F-16F7-4668-BE54-9A1E7A4F7556}") = "YSP.Api", "YSP.Api\YSP.Api.csproj", "{D4B21B3B-8A84-411A-9F2F-71611A5E6D6B}"
EndProject
Project("{9A19103F-16F7-4668-BE54-9A1E7A4F7556}") = "YSP.Core", "YSP.Core\YSP.Core.csproj", "{0566F293-D27A-46A3-B0AA-1DF254C1B66B}"
EndProject
Project("{9A19103F-16F7-4668-BE54-9A1E7A4F7556}") = "YSP.Services", "YSP.Services\YSP.Services.csproj", "{C7F5D30D-9882-4C05-AC0E-90E9309D8E69}"
EndProject
Project("{9A19103F-16F7-4668-BE54-9A1E7A4F7556}") = "YSP.Data", "YSP.Data\YSP.Data.csproj", "{4A8C96C2-69FF-44CA-B672-F84E006B2A9D}"
EndProject
Project("{9A19103F-16F7-4668-BE54-9A1E7A4F7556}") = "YSP.Collector", "YSP.Collector\YSP.Collector.csproj", "{00FF3E1A-FA64-48D9-823E-E4C15FE32A53}"
EndProject
Project("{9A19103F-16F7-4668-BE54-9A1E7A4F7556}") = "Logger", "Logger\Logger.csproj", "{3D5D4A85-EA4B-40ED-ACF2-957760DD3328}"
EndProject
Project("{9A19103F-16F7-4668-BE54-9A1E7A4F7556}") = "YSP.Search.Core", "YSP.Search.Core\YSP.Search.Core.csproj", "{13368F89-75C4-4D62-831B-EE837C3A2994}"
EndProject
Project("{2150E333-8FDC-42A3-9474-1A3956D46DE8}") = "YSP.Tests", "YSP.Tests", "{A6F518CB-C95E-4C20-82E7-CAB1ABF86786}"
EndProject
Project("{9A19103F-16F7-4668-BE54-9A1E7A4F7556}") = "YSP.Services.Test", "YSP.Tests\YSP.Services.Test\YSP.Services.Test.csproj", "{DC7FA001-28FD-4C68-83D5-0A02789E0C8F}"
EndProject
Project("{9A19103F-16F7-4668-BE54-9A1E7A4F7556}") = "YSP.Collector.Test", "YSP.Tests\YSP.Collector.Test\YSP.Collector.Test.csproj", "{C30A63FD-2B13-4168-86C0-B69DB790745D}"
EndProject
Project("{9A19103F-16F7-4668-BE54-9A1E7A4F7556}") = "YSP.Api.Test", "YSP.Tests\YSP.Api.Test\YSP.Api.Test.csproj", "{F3742CE8-0508-4FBF-8CEC-69CC71187D21}"
EndProject
Project("{9A19103F-16F7-4668-BE54-9A1E7A4F7556}") = "YSP.Search.Core.Test", "YSP.Tests\YSP.Search.Core.Test\YSP.Search.Core.Test.csproj", "{DFB305B7-FBF3-4F86-91D6-E123DB023AC3}"
EndProject
Project("{2150E333-8FDC-42A3-9474-1A3956D46DE8}") = "YSP.RabbitMQ", "YSP.RabbitMQ", "{12B93BEE-697E-4D35-9DA6-AD01046C8CC1}"
EndProject
Project("{9A19103F-16F7-4668-BE54-9A1E7A4F7556}") = "YSP.RabbitMQ.SubscriberWorkerService", "YSP.RabbitMQ\SubscriberWorkerService\YSP.RabbitMQ.SubscriberWorkerService.csproj", "{6B9C4BF0-2D37-46AC-AA6B-B61B9CB35838}"
EndProject
Project("{9A19103F-16F7-4668-BE54-9A1E7A4F7556}") = "YSP.RabbitMQ.Options", "YSP.RabbitMQ\YSP.RabbitMQ.Options\YSP.RabbitMQ.Options.csproj", "{A4411F7F-526D-44E0-B95D-CB86DD58C034}"
EndProject
Project("{9A19103F-16F7-4668-BE54-9A1E7A4F7556}") = "YSP.Operations", "YSP.Operations\YSP.Operations.csproj", "{E99B3EF8-A1D0-4A52-81E0-12896DC9D470}"
EndProject
Project("{9A19103F-16F7-4668-BE54-9A1E7A4F7556}") = "YSP.RabbitMQ.PublicherWorkerService", "YSP.RabbitMQ\YSP.RabbitMQ.PublicherWorkerService\YSP.RabbitMQ.PublicherWorkerService.csproj", "{BA6C69D6-CCFF-4E21-A2AD-6DDFD986C308}"
EndProject
Project("{9A19103F-16F7-4668-BE54-9A1E7A4F7556}") = "YSP.Operations.Test", "YSP.Tests\YSP.Operations.Test\YSP.Operations.Test.csproj", "{D9DC3F1F-49C9-45C1-8EF5-00A33E548B35}"
EndProject
Project("{9A19103F-16F7-4668-BE54-9A1E7A4F7556}") = "Mapping", "Mapping\Mapping.csproj", "{05535515-1BFA-4559-B069-F91D30EEA898}"
EndProject
Project("{9A19103F-16F7-4668-BE54-9A1E7A4F7556}") = "YSP.Data.Test", "YSP.Tests\YSP.Data.Test\YSP.Data.Test.csproj", "{D97F4A98-D5C6-4694-B429-1AF727F93ACB}"
EndProject
Project("{9A19103F-16F7-4668-BE54-9A1E7A4F7556}") = "YSP.MVC", "YSP.MVC\YSP.MVC.csproj", "{759F037F-4033-4998-9FBF-2A90188BE6DF}"
EndProject
Global
	GlobalSection(SolutionConfigurationPlatforms) = preSolution
		Debug|Any CPU = Debug|Any CPU
		Release|Any CPU = Release|Any CPU
	EndGlobalSection
	GlobalSection(ProjectConfigurationPlatforms) = postSolution
		{D4B21B3B-8A84-411A-9F2F-71611A5E6D6B}.Debug|Any CPU.ActiveCfg = Debug|Any CPU
		{D4B21B3B-8A84-411A-9F2F-71611A5E6D6B}.Debug|Any CPU.Build.0 = Debug|Any CPU
		{D4B21B3B-8A84-411A-9F2F-71611A5E6D6B}.Release|Any CPU.ActiveCfg = Release|Any CPU
		{D4B21B3B-8A84-411A-9F2F-71611A5E6D6B}.Release|Any CPU.Build.0 = Release|Any CPU
		{0566F293-D27A-46A3-B0AA-1DF254C1B66B}.Debug|Any CPU.ActiveCfg = Debug|Any CPU
		{0566F293-D27A-46A3-B0AA-1DF254C1B66B}.Debug|Any CPU.Build.0 = Debug|Any CPU
		{0566F293-D27A-46A3-B0AA-1DF254C1B66B}.Release|Any CPU.ActiveCfg = Release|Any CPU
		{0566F293-D27A-46A3-B0AA-1DF254C1B66B}.Release|Any CPU.Build.0 = Release|Any CPU
		{C7F5D30D-9882-4C05-AC0E-90E9309D8E69}.Debug|Any CPU.ActiveCfg = Debug|Any CPU
		{C7F5D30D-9882-4C05-AC0E-90E9309D8E69}.Debug|Any CPU.Build.0 = Debug|Any CPU
		{C7F5D30D-9882-4C05-AC0E-90E9309D8E69}.Release|Any CPU.ActiveCfg = Release|Any CPU
		{C7F5D30D-9882-4C05-AC0E-90E9309D8E69}.Release|Any CPU.Build.0 = Release|Any CPU
		{4A8C96C2-69FF-44CA-B672-F84E006B2A9D}.Debug|Any CPU.ActiveCfg = Debug|Any CPU
		{4A8C96C2-69FF-44CA-B672-F84E006B2A9D}.Debug|Any CPU.Build.0 = Debug|Any CPU
		{4A8C96C2-69FF-44CA-B672-F84E006B2A9D}.Release|Any CPU.ActiveCfg = Release|Any CPU
		{4A8C96C2-69FF-44CA-B672-F84E006B2A9D}.Release|Any CPU.Build.0 = Release|Any CPU
		{00FF3E1A-FA64-48D9-823E-E4C15FE32A53}.Debug|Any CPU.ActiveCfg = Debug|Any CPU
		{00FF3E1A-FA64-48D9-823E-E4C15FE32A53}.Debug|Any CPU.Build.0 = Debug|Any CPU
		{00FF3E1A-FA64-48D9-823E-E4C15FE32A53}.Release|Any CPU.ActiveCfg = Release|Any CPU
		{00FF3E1A-FA64-48D9-823E-E4C15FE32A53}.Release|Any CPU.Build.0 = Release|Any CPU
		{3D5D4A85-EA4B-40ED-ACF2-957760DD3328}.Debug|Any CPU.ActiveCfg = Debug|Any CPU
		{3D5D4A85-EA4B-40ED-ACF2-957760DD3328}.Debug|Any CPU.Build.0 = Debug|Any CPU
		{3D5D4A85-EA4B-40ED-ACF2-957760DD3328}.Release|Any CPU.ActiveCfg = Release|Any CPU
		{3D5D4A85-EA4B-40ED-ACF2-957760DD3328}.Release|Any CPU.Build.0 = Release|Any CPU
		{13368F89-75C4-4D62-831B-EE837C3A2994}.Debug|Any CPU.ActiveCfg = Debug|Any CPU
		{13368F89-75C4-4D62-831B-EE837C3A2994}.Debug|Any CPU.Build.0 = Debug|Any CPU
		{13368F89-75C4-4D62-831B-EE837C3A2994}.Release|Any CPU.ActiveCfg = Release|Any CPU
		{13368F89-75C4-4D62-831B-EE837C3A2994}.Release|Any CPU.Build.0 = Release|Any CPU
		{DC7FA001-28FD-4C68-83D5-0A02789E0C8F}.Debug|Any CPU.ActiveCfg = Debug|Any CPU
		{DC7FA001-28FD-4C68-83D5-0A02789E0C8F}.Debug|Any CPU.Build.0 = Debug|Any CPU
		{DC7FA001-28FD-4C68-83D5-0A02789E0C8F}.Release|Any CPU.ActiveCfg = Release|Any CPU
		{DC7FA001-28FD-4C68-83D5-0A02789E0C8F}.Release|Any CPU.Build.0 = Release|Any CPU
		{C30A63FD-2B13-4168-86C0-B69DB790745D}.Debug|Any CPU.ActiveCfg = Debug|Any CPU
		{C30A63FD-2B13-4168-86C0-B69DB790745D}.Debug|Any CPU.Build.0 = Debug|Any CPU
		{C30A63FD-2B13-4168-86C0-B69DB790745D}.Release|Any CPU.ActiveCfg = Release|Any CPU
		{C30A63FD-2B13-4168-86C0-B69DB790745D}.Release|Any CPU.Build.0 = Release|Any CPU
		{F3742CE8-0508-4FBF-8CEC-69CC71187D21}.Debug|Any CPU.ActiveCfg = Debug|Any CPU
		{F3742CE8-0508-4FBF-8CEC-69CC71187D21}.Debug|Any CPU.Build.0 = Debug|Any CPU
		{F3742CE8-0508-4FBF-8CEC-69CC71187D21}.Release|Any CPU.ActiveCfg = Release|Any CPU
		{F3742CE8-0508-4FBF-8CEC-69CC71187D21}.Release|Any CPU.Build.0 = Release|Any CPU
		{DFB305B7-FBF3-4F86-91D6-E123DB023AC3}.Debug|Any CPU.ActiveCfg = Debug|Any CPU
		{DFB305B7-FBF3-4F86-91D6-E123DB023AC3}.Debug|Any CPU.Build.0 = Debug|Any CPU
		{DFB305B7-FBF3-4F86-91D6-E123DB023AC3}.Release|Any CPU.ActiveCfg = Release|Any CPU
		{DFB305B7-FBF3-4F86-91D6-E123DB023AC3}.Release|Any CPU.Build.0 = Release|Any CPU
		{6B9C4BF0-2D37-46AC-AA6B-B61B9CB35838}.Debug|Any CPU.ActiveCfg = Debug|Any CPU
		{6B9C4BF0-2D37-46AC-AA6B-B61B9CB35838}.Debug|Any CPU.Build.0 = Debug|Any CPU
		{6B9C4BF0-2D37-46AC-AA6B-B61B9CB35838}.Release|Any CPU.ActiveCfg = Release|Any CPU
		{6B9C4BF0-2D37-46AC-AA6B-B61B9CB35838}.Release|Any CPU.Build.0 = Release|Any CPU
		{A4411F7F-526D-44E0-B95D-CB86DD58C034}.Debug|Any CPU.ActiveCfg = Debug|Any CPU
		{A4411F7F-526D-44E0-B95D-CB86DD58C034}.Debug|Any CPU.Build.0 = Debug|Any CPU
		{A4411F7F-526D-44E0-B95D-CB86DD58C034}.Release|Any CPU.ActiveCfg = Release|Any CPU
		{A4411F7F-526D-44E0-B95D-CB86DD58C034}.Release|Any CPU.Build.0 = Release|Any CPU
		{E99B3EF8-A1D0-4A52-81E0-12896DC9D470}.Debug|Any CPU.ActiveCfg = Debug|Any CPU
		{E99B3EF8-A1D0-4A52-81E0-12896DC9D470}.Debug|Any CPU.Build.0 = Debug|Any CPU
		{E99B3EF8-A1D0-4A52-81E0-12896DC9D470}.Release|Any CPU.ActiveCfg = Release|Any CPU
		{E99B3EF8-A1D0-4A52-81E0-12896DC9D470}.Release|Any CPU.Build.0 = Release|Any CPU
		{BA6C69D6-CCFF-4E21-A2AD-6DDFD986C308}.Debug|Any CPU.ActiveCfg = Debug|Any CPU
		{BA6C69D6-CCFF-4E21-A2AD-6DDFD986C308}.Debug|Any CPU.Build.0 = Debug|Any CPU
		{BA6C69D6-CCFF-4E21-A2AD-6DDFD986C308}.Release|Any CPU.ActiveCfg = Release|Any CPU
		{BA6C69D6-CCFF-4E21-A2AD-6DDFD986C308}.Release|Any CPU.Build.0 = Release|Any CPU
		{D9DC3F1F-49C9-45C1-8EF5-00A33E548B35}.Debug|Any CPU.ActiveCfg = Debug|Any CPU
		{D9DC3F1F-49C9-45C1-8EF5-00A33E548B35}.Debug|Any CPU.Build.0 = Debug|Any CPU
		{D9DC3F1F-49C9-45C1-8EF5-00A33E548B35}.Release|Any CPU.ActiveCfg = Release|Any CPU
		{D9DC3F1F-49C9-45C1-8EF5-00A33E548B35}.Release|Any CPU.Build.0 = Release|Any CPU
		{05535515-1BFA-4559-B069-F91D30EEA898}.Debug|Any CPU.ActiveCfg = Debug|Any CPU
		{05535515-1BFA-4559-B069-F91D30EEA898}.Debug|Any CPU.Build.0 = Debug|Any CPU
		{05535515-1BFA-4559-B069-F91D30EEA898}.Release|Any CPU.ActiveCfg = Release|Any CPU
		{05535515-1BFA-4559-B069-F91D30EEA898}.Release|Any CPU.Build.0 = Release|Any CPU
		{D97F4A98-D5C6-4694-B429-1AF727F93ACB}.Debug|Any CPU.ActiveCfg = Debug|Any CPU
		{D97F4A98-D5C6-4694-B429-1AF727F93ACB}.Debug|Any CPU.Build.0 = Debug|Any CPU
		{D97F4A98-D5C6-4694-B429-1AF727F93ACB}.Release|Any CPU.ActiveCfg = Release|Any CPU
		{D97F4A98-D5C6-4694-B429-1AF727F93ACB}.Release|Any CPU.Build.0 = Release|Any CPU
		{759F037F-4033-4998-9FBF-2A90188BE6DF}.Debug|Any CPU.ActiveCfg = Debug|Any CPU
		{759F037F-4033-4998-9FBF-2A90188BE6DF}.Debug|Any CPU.Build.0 = Debug|Any CPU
		{759F037F-4033-4998-9FBF-2A90188BE6DF}.Release|Any CPU.ActiveCfg = Release|Any CPU
		{759F037F-4033-4998-9FBF-2A90188BE6DF}.Release|Any CPU.Build.0 = Release|Any CPU
	EndGlobalSection
	GlobalSection(SolutionProperties) = preSolution
		HideSolutionNode = FALSE
	EndGlobalSection
	GlobalSection(NestedProjects) = preSolution
		{DC7FA001-28FD-4C68-83D5-0A02789E0C8F} = {A6F518CB-C95E-4C20-82E7-CAB1ABF86786}
		{C30A63FD-2B13-4168-86C0-B69DB790745D} = {A6F518CB-C95E-4C20-82E7-CAB1ABF86786}
		{F3742CE8-0508-4FBF-8CEC-69CC71187D21} = {A6F518CB-C95E-4C20-82E7-CAB1ABF86786}
		{DFB305B7-FBF3-4F86-91D6-E123DB023AC3} = {A6F518CB-C95E-4C20-82E7-CAB1ABF86786}
		{6B9C4BF0-2D37-46AC-AA6B-B61B9CB35838} = {12B93BEE-697E-4D35-9DA6-AD01046C8CC1}
		{A4411F7F-526D-44E0-B95D-CB86DD58C034} = {12B93BEE-697E-4D35-9DA6-AD01046C8CC1}
		{BA6C69D6-CCFF-4E21-A2AD-6DDFD986C308} = {12B93BEE-697E-4D35-9DA6-AD01046C8CC1}
		{D9DC3F1F-49C9-45C1-8EF5-00A33E548B35} = {A6F518CB-C95E-4C20-82E7-CAB1ABF86786}
		{D97F4A98-D5C6-4694-B429-1AF727F93ACB} = {A6F518CB-C95E-4C20-82E7-CAB1ABF86786}
	EndGlobalSection
	GlobalSection(ExtensibilityGlobals) = postSolution
		SolutionGuid = {F9B3FEAA-670D-4697-9846-5D92387520E0}
	EndGlobalSection
EndGlobal
