
Microsoft Visual Studio Solution File, Format Version 12.00
# Visual Studio Version 16
VisualStudioVersion = 16.0.30611.23
MinimumVisualStudioVersion = 10.0.40219.1
Project("{FAE04EC0-301F-11D3-BF4B-00C04F79EFBC}") = "PublisherWeb", "PublisherWeb\PublisherWeb.csproj", "{B24E0572-C27E-409D-9A4B-EF42C7FBED24}"
EndProject
Project("{FAE04EC0-301F-11D3-BF4B-00C04F79EFBC}") = "SubscriberWeb", "SubscriberWeb\SubscriberWeb.csproj", "{81502B4C-E9BD-4666-9C48-01E27BF89750}"
EndProject
Project("{FAE04EC0-301F-11D3-BF4B-00C04F79EFBC}") = "WebApplication1", "WebApplication1\WebApplication1.csproj", "{07843134-CF74-425A-B843-DE5060C5EB5A}"
EndProject
Global
	GlobalSection(SolutionConfigurationPlatforms) = preSolution
		Debug|Any CPU = Debug|Any CPU
		Release|Any CPU = Release|Any CPU
	EndGlobalSection
	GlobalSection(ProjectConfigurationPlatforms) = postSolution
		{B24E0572-C27E-409D-9A4B-EF42C7FBED24}.Debug|Any CPU.ActiveCfg = Debug|Any CPU
		{B24E0572-C27E-409D-9A4B-EF42C7FBED24}.Debug|Any CPU.Build.0 = Debug|Any CPU
		{B24E0572-C27E-409D-9A4B-EF42C7FBED24}.Release|Any CPU.ActiveCfg = Release|Any CPU
		{B24E0572-C27E-409D-9A4B-EF42C7FBED24}.Release|Any CPU.Build.0 = Release|Any CPU
		{81502B4C-E9BD-4666-9C48-01E27BF89750}.Debug|Any CPU.ActiveCfg = Debug|Any CPU
		{81502B4C-E9BD-4666-9C48-01E27BF89750}.Debug|Any CPU.Build.0 = Debug|Any CPU
		{81502B4C-E9BD-4666-9C48-01E27BF89750}.Release|Any CPU.ActiveCfg = Release|Any CPU
		{81502B4C-E9BD-4666-9C48-01E27BF89750}.Release|Any CPU.Build.0 = Release|Any CPU
		{07843134-CF74-425A-B843-DE5060C5EB5A}.Debug|Any CPU.ActiveCfg = Debug|Any CPU
		{07843134-CF74-425A-B843-DE5060C5EB5A}.Debug|Any CPU.Build.0 = Debug|Any CPU
		{07843134-CF74-425A-B843-DE5060C5EB5A}.Release|Any CPU.ActiveCfg = Release|Any CPU
		{07843134-CF74-425A-B843-DE5060C5EB5A}.Release|Any CPU.Build.0 = Release|Any CPU
	EndGlobalSection
	GlobalSection(SolutionProperties) = preSolution
		HideSolutionNode = FALSE
	EndGlobalSection
	GlobalSection(ExtensibilityGlobals) = postSolution
		SolutionGuid = {F9B3FEAA-670D-4697-9846-5D92387520E0}
	EndGlobalSection
EndGlobal
