
Microsoft Visual Studio Solution File, Format Version 12.00
# Visual Studio Version 16
VisualStudioVersion = 16.0.30611.23
MinimumVisualStudioVersion = 10.0.40219.1
Project("{9A19103F-16F7-4668-BE54-9A1E7A4F7556}") = "YSP.IdentityServer4WebApp", "YSP.IdentityServer4WebApp.csproj", "{14A7EFC7-3215-456D-AFF7-26D23849C46B}"
EndProject
Global
	GlobalSection(SolutionConfigurationPlatforms) = preSolution
		Debug|Any CPU = Debug|Any CPU
		Release|Any CPU = Release|Any CPU
	EndGlobalSection
	GlobalSection(ProjectConfigurationPlatforms) = postSolution
		{14A7EFC7-3215-456D-AFF7-26D23849C46B}.Debug|Any CPU.ActiveCfg = Debug|Any CPU
		{14A7EFC7-3215-456D-AFF7-26D23849C46B}.Debug|Any CPU.Build.0 = Debug|Any CPU
		{14A7EFC7-3215-456D-AFF7-26D23849C46B}.Release|Any CPU.ActiveCfg = Release|Any CPU
		{14A7EFC7-3215-456D-AFF7-26D23849C46B}.Release|Any CPU.Build.0 = Release|Any CPU
	EndGlobalSection
	GlobalSection(SolutionProperties) = preSolution
		HideSolutionNode = FALSE
	EndGlobalSection
	GlobalSection(ExtensibilityGlobals) = postSolution
		SolutionGuid = {5DF21DFA-D528-44A6-8AE3-AD1DFE68056E}
	EndGlobalSection
EndGlobal
